github.com/kojikeneda/statuschecker v1.0.0 h1:bOAxkS6RPl7PSscpZPQZ+WuVVCLqS6zlAk617MuF330=
github.com/kojikeneda/statuschecker v1.0.0/go.mod h1:kK8rQgxze2k+wd7oxk4/qgu3rdumcFJbj5pRpBaRfYo=
github.com/kojikeneda/statuschecker v1.0.1 h1:qfEX0mjgFms9Am0804yaswQK66lk6yJpOsu6mGy8Kj0=
github.com/kojikeneda/statuschecker v1.0.1/go.mod h1:kK8rQgxze2k+wd7oxk4/qgu3rdumcFJbj5pRpBaRfYo=
